
Microsoft Visual Studio Solution File, Format Version 12.00
# Visual Studio Version 17
VisualStudioVersion = 17.4.33103.184
MinimumVisualStudioVersion = 10.0.40219.1
Project("{FAE04EC0-301F-11D3-BF4B-00C04F79EFBC}") = "Mindaugas.Krasauskas.NordSecurityTest", "Mindaugas.Krasauskas.NordSecurityTest.csproj", "{BC400336-FD02-4887-9AE9-EEDEC509FB51}"
EndProject
Global
	GlobalSection(SolutionConfigurationPlatforms) = preSolution
		Debug|Any CPU = Debug|Any CPU
		Release|Any CPU = Release|Any CPU
	EndGlobalSection
	GlobalSection(ProjectConfigurationPlatforms) = postSolution
		{BC400336-FD02-4887-9AE9-EEDEC509FB51}.Debug|Any CPU.ActiveCfg = Debug|Any CPU
		{BC400336-FD02-4887-9AE9-EEDEC509FB51}.Debug|Any CPU.Build.0 = Debug|Any CPU
		{BC400336-FD02-4887-9AE9-EEDEC509FB51}.Release|Any CPU.ActiveCfg = Release|Any CPU
		{BC400336-FD02-4887-9AE9-EEDEC509FB51}.Release|Any CPU.Build.0 = Release|Any CPU
	EndGlobalSection
	GlobalSection(SolutionProperties) = preSolution
		HideSolutionNode = FALSE
	EndGlobalSection
	GlobalSection(ExtensibilityGlobals) = postSolution
		SolutionGuid = {DA111749-D1DA-448A-84A8-EF7A12E7EC39}
	EndGlobalSection
EndGlobal
